{
    "name": "tests",
    "version": "1.0.0",
    "lockfileVersion": 1,
    "requires": true,
    "dependencies": {
        "quantum-framework": {
            "version": "https://registry.npmjs.org/quantum-framework/-/quantum-framework-1.0.3.tgz",
            "integrity": "sha1-sP1JYtBcrqVxF+nSmCLu2dqv9qU=",
            "requires": {
                "validator": "https://registry.npmjs.org/validator/-/validator-8.0.0.tgz"
            }
        },
        "validator": {
            "version": "https://registry.npmjs.org/validator/-/validator-8.0.0.tgz",
            "integrity": "sha1-ANbsIwq10zU6sRdBYqlkYrlHvb0="
        }
    }
}
